
Microsoft Visual Studio Solution File, Format Version 12.00
# Visual Studio Version 17
VisualStudioVersion = 17.8.34525.116
MinimumVisualStudioVersion = 10.0.40219.1
Project("{FAE04EC0-301F-11D3-BF4B-00C04F79EFBC}") = "HttpsProxy", "HttpsProxy\HttpsProxy.csproj", "{81B1CE52-4206-4B58-A87B-F53216A2F9C4}"
EndProject
Global
	GlobalSection(SolutionConfigurationPlatforms) = preSolution
		Debug|Any CPU = Debug|Any CPU
		Release|Any CPU = Release|Any CPU
	EndGlobalSection
	GlobalSection(ProjectConfigurationPlatforms) = postSolution
		{81B1CE52-4206-4B58-A87B-F53216A2F9C4}.Debug|Any CPU.ActiveCfg = Debug|Any CPU
		{81B1CE52-4206-4B58-A87B-F53216A2F9C4}.Debug|Any CPU.Build.0 = Debug|Any CPU
		{81B1CE52-4206-4B58-A87B-F53216A2F9C4}.Release|Any CPU.ActiveCfg = Release|Any CPU
		{81B1CE52-4206-4B58-A87B-F53216A2F9C4}.Release|Any CPU.Build.0 = Release|Any CPU
	EndGlobalSection
	GlobalSection(SolutionProperties) = preSolution
		HideSolutionNode = FALSE
	EndGlobalSection
	GlobalSection(ExtensibilityGlobals) = postSolution
		SolutionGuid = {5132A26C-C6BA-46DE-9175-191FBF77C802}
	EndGlobalSection
EndGlobal
